
Microsoft Visual Studio Solution File, Format Version 12.00
# Visual Studio Version 16
VisualStudioVersion = 16.0.29306.81
MinimumVisualStudioVersion = 10.0.40219.1
Project("{FAE04EC0-301F-11D3-BF4B-00C04F79EFBC}") = "LiskovSubPrinciple", "LiskovSubPrinciple\LiskovSubPrinciple.csproj", "{F53BB11A-B198-4EE5-BA1D-349E7B54EDA6}"
EndProject
Project("{FAE04EC0-301F-11D3-BF4B-00C04F79EFBC}") = "DuckProcessor", "DuckProcessor\DuckProcessor.csproj", "{4E003BF6-82D5-4923-8433-D7C35677B735}"
EndProject
Global
	GlobalSection(SolutionConfigurationPlatforms) = preSolution
		Debug|Any CPU = Debug|Any CPU
		Release|Any CPU = Release|Any CPU
	EndGlobalSection
	GlobalSection(ProjectConfigurationPlatforms) = postSolution
		{F53BB11A-B198-4EE5-BA1D-349E7B54EDA6}.Debug|Any CPU.ActiveCfg = Debug|Any CPU
		{F53BB11A-B198-4EE5-BA1D-349E7B54EDA6}.Debug|Any CPU.Build.0 = Debug|Any CPU
		{F53BB11A-B198-4EE5-BA1D-349E7B54EDA6}.Release|Any CPU.ActiveCfg = Release|Any CPU
		{F53BB11A-B198-4EE5-BA1D-349E7B54EDA6}.Release|Any CPU.Build.0 = Release|Any CPU
		{4E003BF6-82D5-4923-8433-D7C35677B735}.Debug|Any CPU.ActiveCfg = Debug|Any CPU
		{4E003BF6-82D5-4923-8433-D7C35677B735}.Debug|Any CPU.Build.0 = Debug|Any CPU
		{4E003BF6-82D5-4923-8433-D7C35677B735}.Release|Any CPU.ActiveCfg = Release|Any CPU
		{4E003BF6-82D5-4923-8433-D7C35677B735}.Release|Any CPU.Build.0 = Release|Any CPU
	EndGlobalSection
	GlobalSection(SolutionProperties) = preSolution
		HideSolutionNode = FALSE
	EndGlobalSection
	GlobalSection(ExtensibilityGlobals) = postSolution
		SolutionGuid = {F924726B-6CE3-4815-8A82-8502E8714A79}
	EndGlobalSection
EndGlobal
